{
  "name": "ProxyInspector",
  "lockfileVersion": 3,
  "requires": true,
  "packages": {
    "": {
      "dependencies": {
        "chalk": "^5.4.1",
        "config": "^4.0.0",
        "dotenv-flow": "^4.1.0",
        "https-proxy-agent": "^7.0.6"
      }
    },
    "node_modules/agent-base": {
      "version": "7.1.3",
      "resolved": "https://mirrors.tencent.com/npm/agent-base/-/agent-base-7.1.3.tgz",
      "integrity": "sha512-jRR5wdylq8CkOe6hei19GGZnxM6rBGwFl3Bg0YItGDimvjGtAvdZk4Pu6Cl4u4Igsws4a1fd1Vq3ezrhn4KmFw==",
      "license": "MIT",
      "engines": {
        "node": ">= 14"
      }
    },
    "node_modules/chalk": {
      "version": "5.4.1",
      "resolved": "https://mirrors.tencent.com/npm/chalk/-/chalk-5.4.1.tgz",
      "integrity": "sha512-zgVZuo2WcZgfUEmsn6eO3kINexW8RAE4maiQ8QNs8CtpPCSyMiYsULR3HQYkm3w8FIA3SberyMJMSldGsW+U3w==",
      "license": "MIT",
      "engines": {
        "node": "^12.17.0 || ^14.13 || >=16.0.0"
      },
      "funding": {
        "url": "https://github.com/chalk/chalk?sponsor=1"
      }
    },
    "node_modules/config": {
      "version": "4.0.0",
      "resolved": "https://mirrors.tencent.com/npm/config/-/config-4.0.0.tgz",
      "integrity": "sha512-zOzfDfcpaBUMRvTH+pbj111Gfb+1BMvCy9EcE5ckuugfAcks3FIQMyt8TRA30dhuGnZNBxfbPBUKtuM03ih/nA==",
      "license": "MIT",
      "dependencies": {
        "json5": "^2.2.3"
      },
      "engines": {
        "node": ">= 20.0.0"
      }
    },
    "node_modules/debug": {
      "version": "4.4.1",
      "resolved": "https://mirrors.tencent.com/npm/debug/-/debug-4.4.1.tgz",
      "integrity": "sha512-KcKCqiftBJcZr++7ykoDIEwSa3XWowTfNPo92BYxjXiyYEVrUQh2aLyhxBCwww+heortUFxEJYcRzosstTEBYQ==",
      "license": "MIT",
      "dependencies": {
        "ms": "^2.1.3"
      },
      "engines": {
        "node": ">=6.0"
      },
      "peerDependenciesMeta": {
        "supports-color": {
          "optional": true
        }
      }
    },
    "node_modules/dotenv": {
      "version": "16.5.0",
      "resolved": "https://mirrors.tencent.com/npm/dotenv/-/dotenv-16.5.0.tgz",
      "integrity": "sha512-m/C+AwOAr9/W1UOIZUo232ejMNnJAJtYQjUbHoNTBNTJSvqzzDh7vnrei3o3r3m9blf6ZoDkvcw0VmozNRFJxg==",
      "license": "BSD-2-Clause",
      "engines": {
        "node": ">=12"
      },
      "funding": {
        "url": "https://dotenvx.com"
      }
    },
    "node_modules/dotenv-flow": {
      "version": "4.1.0",
      "resolved": "https://mirrors.tencent.com/npm/dotenv-flow/-/dotenv-flow-4.1.0.tgz",
      "integrity": "sha512-0cwP9jpQBQfyHwvE0cRhraZMkdV45TQedA8AAUZMsFzvmLcQyc1HPv+oX0OOYwLFjIlvgVepQ+WuQHbqDaHJZg==",
      "license": "MIT",
      "dependencies": {
        "dotenv": "^16.0.0"
      },
      "engines": {
        "node": ">= 12.0.0"
      }
    },
    "node_modules/https-proxy-agent": {
      "version": "7.0.6",
      "resolved": "https://mirrors.tencent.com/npm/https-proxy-agent/-/https-proxy-agent-7.0.6.tgz",
      "integrity": "sha512-vK9P5/iUfdl95AI+JVyUuIcVtd4ofvtrOr3HNtM2yxC9bnMbEdp3x01OhQNnjb8IJYi38VlTE3mBXwcfvywuSw==",
      "license": "MIT",
      "dependencies": {
        "agent-base": "^7.1.2",
        "debug": "4"
      },
      "engines": {
        "node": ">= 14"
      }
    },
    "node_modules/json5": {
      "version": "2.2.3",
      "resolved": "https://mirrors.tencent.com/npm/json5/-/json5-2.2.3.tgz",
      "integrity": "sha512-XmOWe7eyHYH14cLdVPoyg+GOH3rYX++KpzrylJwSW98t3Nk+U8XOl8FWKOgwtzdb8lXGf6zYwDUzeHMWfxasyg==",
      "license": "MIT",
      "bin": {
        "json5": "lib/cli.js"
      },
      "engines": {
        "node": ">=6"
      }
    },
    "node_modules/ms": {
      "version": "2.1.3",
      "resolved": "https://mirrors.tencent.com/npm/ms/-/ms-2.1.3.tgz",
      "integrity": "sha512-6FlzubTLZG3J2a/NVCAleEhjzq5oxgHyaCU9yYXvcLsvoVaHJq/s5xXI6/XXP6tz7R9xAOtHnSO/tXtF3WRTlA==",
      "license": "MIT"
    }
  }
}
